{
  "name": "seo-god-ai",
  "version": "0.0.0",
  "lockfileVersion": 3,
  "requires": true,
  "packages": {
    "": {
      "name": "seo-god-ai",
      "version": "0.0.0",
      "workspaces": [
        "apps/*",
        "packages/*"
      ],
      "devDependencies": {
        "typescript": "^5.5.0"
      },
      "engines": {
        "node": ">=20"
      }
    },
    "apps/api": {
      "name": "@seogod/api",
      "version": "0.0.0"
    },
    "apps/dashboard": {
      "name": "@seogod/dashboard",
      "version": "0.0.0"
    },
    "node_modules/@seogod/agents": {
      "resolved": "packages/agents",
      "link": true
    },
    "node_modules/@seogod/ai": {
      "resolved": "packages/ai",
      "link": true
    },
    "node_modules/@seogod/api": {
      "resolved": "apps/api",
      "link": true
    },
    "node_modules/@seogod/crawler": {
      "resolved": "packages/crawler",
      "link": true
    },
    "node_modules/@seogod/dashboard": {
      "resolved": "apps/dashboard",
      "link": true
    },
    "node_modules/@seogod/reports": {
      "resolved": "packages/reports",
      "link": true
    },
    "node_modules/@seogod/safety": {
      "resolved": "packages/safety",
      "link": true
    },
    "node_modules/@seogod/seo-engine": {
      "resolved": "packages/seo-engine",
      "link": true
    },
    "node_modules/@seogod/shared": {
      "resolved": "packages/shared",
      "link": true
    },
    "node_modules/@seogod/shopify": {
      "resolved": "packages/shopify",
      "link": true
    },
    "node_modules/@seogod/ui": {
      "resolved": "packages/ui",
      "link": true
    },
    "node_modules/typescript": {
      "version": "5.9.3",
      "resolved": "https://registry.npmjs.org/typescript/-/typescript-5.9.3.tgz",
      "integrity": "sha512-jl1vZzPDinLr9eUt3J/t7V6FgNEw9QjvBPdysz9KfQDD41fQrC2Y4vKQdiaUpFT4bXlb1RHhLpp8wtm6M5TgSw==",
      "dev": true,
      "license": "Apache-2.0",
      "bin": {
        "tsc": "bin/tsc",
        "tsserver": "bin/tsserver"
      },
      "engines": {
        "node": ">=14.17"
      }
    },
    "packages/agents": {
      "name": "@seogod/agents",
      "version": "0.0.0"
    },
    "packages/ai": {
      "name": "@seogod/ai",
      "version": "0.0.0"
    },
    "packages/crawler": {
      "name": "@seogod/crawler",
      "version": "0.0.0"
    },
    "packages/reports": {
      "name": "@seogod/reports",
      "version": "0.0.0"
    },
    "packages/safety": {
      "name": "@seogod/safety",
      "version": "0.0.0"
    },
    "packages/seo-engine": {
      "name": "@seogod/seo-engine",
      "version": "0.0.0"
    },
    "packages/shared": {
      "name": "@seogod/shared",
      "version": "0.0.0"
    },
    "packages/shopify": {
      "name": "@seogod/shopify",
      "version": "0.0.0"
    },
    "packages/ui": {
      "name": "@seogod/ui",
      "version": "0.0.0"
    }
  }
}
